{
  "nodes": {
    "framework": {
      "inputs": {
        "nixpkgs": [
          "nixosBlankSystem",
          "nixpkgs"
        ]
      },
      "locked": {
        "lastModified": 1,
        "narHash": "sha256-r4NZBtiiHIF5XfMkbXt8HIJ/Vnj43ZTbkEyVvn28mGU=",
        "path": "/nix/store/q47j2yvnhzgympfg2m6m6zlaqk68d49f-source/framework",
        "type": "path"
      },
      "original": {
        "path": "/nix/store/q47j2yvnhzgympfg2m6m6zlaqk68d49f-source/framework",
        "type": "path"
      }
    },
    "nixosBlankSystem": {
      "inputs": {
        "framework": "framework",
        "nixpkgs": [
          "nixpkgs"
        ]
      },
      "locked": {
        "lastModified": 1749755008,
        "narHash": "sha256-ly0A/op7+ovT/+zT5Mc/QS8N9KRu/hcqucc09sSlZVE=",
        "owner": "fpekal-nixos",
        "repo": "nixos-template",
        "rev": "8f1317e2424f051f25eed1c380e8fbf46c5c9995",
        "type": "github"
      },
      "original": {
        "owner": "fpekal-nixos",
        "repo": "nixos-template",
        "type": "github"
      }
    },
    "nixpkgs": {
      "locked": {
        "lastModified": 1749727998,
        "narHash": "sha256-mHv/yeUbmL91/TvV95p+mBVahm9mdQMJoqaTVTALaFw=",
        "owner": "NixOS",
        "repo": "nixpkgs",
        "rev": "fd487183437963a59ba763c0cc4f27e3447dd6dd",
        "type": "github"
      },
      "original": {
        "owner": "NixOS",
        "ref": "nixos-25.05",
        "repo": "nixpkgs",
        "type": "github"
      }
    },
    "root": {
      "inputs": {
        "nixosBlankSystem": "nixosBlankSystem",
        "nixpkgs": "nixpkgs"
      }
    }
  },
  "root": "root",
  "version": 7
}
