{
  "nodes": {
    "autogit": {
      "inputs": {
        "nixpkgs": [
          "moje",
          "nixpkgs"
        ]
      },
      "locked": {
        "lastModified": 1720752832,
        "narHash": "sha256-RXzATsyeFFlJuwGSFGOf8uHDPF7y9WhPRMQNVEpJQrI=",
        "owner": "fpekal-nixos",
        "repo": "autogit",
        "rev": "46be9feb20a9c0a00c808b730214f9e996f3eb18",
        "type": "github"
      },
      "original": {
        "owner": "fpekal-nixos",
        "repo": "autogit",
        "type": "github"
      }
    },
    "client": {
      "inputs": {
        "nixpkgs": [
          "moje",
          "notifications",
          "nixpkgs"
        ]
      },
      "locked": {
        "lastModified": 1,
        "narHash": "sha256-i6JTXR5mmeuTUq1TkLwOtZQaKSrpBNgXU3ROqQ7FEys=",
        "path": "/nix/store/jb5fibgp435b5m7xc2cj5w60bwsaa87x-source/client",
        "type": "path"
      },
      "original": {
        "path": "/nix/store/jb5fibgp435b5m7xc2cj5w60bwsaa87x-source/client",
        "type": "path"
      }
    },
    "devShells": {
      "inputs": {
        "nixpkgs": [
          "moje",
          "nixpkgs"
        ]
      },
      "locked": {
        "lastModified": 1720484182,
        "narHash": "sha256-sQmI2JBPl3pjmQV7VDFuT8HMCjxgbkDvKpih8aMbuic=",
        "owner": "fpekal-nixos",
        "repo": "devShells",
        "rev": "0384cdea857615c1429c81f864d6e41823fb344f",
        "type": "github"
      },
      "original": {
        "owner": "fpekal-nixos",
        "repo": "devShells",
        "type": "github"
      }
    },
    "gate": {
      "inputs": {
        "nixpkgs": [
          "moje",
          "nixpkgs"
        ]
      },
      "locked": {
        "lastModified": 1735729216,
        "narHash": "sha256-M6aMkaPImUCU1cbwMwizQr4gLjpaI+99V9Vt9m82O6Y=",
        "owner": "fpekal-nixos",
        "repo": "gate",
        "rev": "4200bdaf2d5856e5214721161d1895f8598a010a",
        "type": "github"
      },
      "original": {
        "owner": "fpekal-nixos",
        "repo": "gate",
        "type": "github"
      }
    },
    "home-manager": {
      "inputs": {
        "nixpkgs": [
          "nixpkgs"
        ]
      },
      "locked": {
        "lastModified": 1736373539,
        "narHash": "sha256-dinzAqCjenWDxuy+MqUQq0I4zUSfaCvN9rzuCmgMZJY=",
        "owner": "nix-community",
        "repo": "home-manager",
        "rev": "bd65bc3cde04c16755955630b344bc9e35272c56",
        "type": "github"
      },
      "original": {
        "owner": "nix-community",
        "ref": "release-24.11",
        "repo": "home-manager",
        "type": "github"
      }
    },
    "launchpad": {
      "locked": {
        "lastModified": 1720725626,
        "narHash": "sha256-t+IJXnps1n2wuvS3RacRk3dof4fcno0765OjB8yrr6Q=",
        "owner": "fpekal-nixos",
        "repo": "launchpad",
        "rev": "4a5ac345bf4c0fbeb0ad12f5148cb02860da3f72",
        "type": "github"
      },
      "original": {
        "owner": "fpekal-nixos",
        "repo": "launchpad",
        "type": "github"
      }
    },
    "moje": {
      "inputs": {
        "autogit": "autogit",
        "devShells": "devShells",
        "gate": "gate",
        "launchpad": "launchpad",
        "nixpkgs": [
          "nixpkgs"
        ],
        "notifications": "notifications",
        "super-cowsay": "super-cowsay"
      },
      "locked": {
        "lastModified": 1736035365,
        "narHash": "sha256-Ljcz+0+88QEIXKHxRyXjA8vdO9I4jkR5vFdfj82oKDs=",
        "owner": "fpekal-nixos",
        "repo": "all",
        "rev": "6737a19fd7b5bf097612d3f5db3ee43089aeb150",
        "type": "github"
      },
      "original": {
        "owner": "fpekal-nixos",
        "repo": "all",
        "type": "github"
      }
    },
    "nixpkgs": {
      "locked": {
        "lastModified": 1724262337,
        "narHash": "sha256-QywB8DQ/SsRzzi+2QaEPwshZjAbjUuwK/QHtKJK6Vqw=",
        "owner": "NixOS",
        "repo": "nixpkgs",
        "rev": "aff860972becd576e4ccc61ae761dda71c4decb7",
        "type": "github"
      },
      "original": {
        "owner": "NixOS",
        "repo": "nixpkgs",
        "type": "github"
      }
    },
    "notifications": {
      "inputs": {
        "client": "client",
        "nixpkgs": [
          "moje",
          "nixpkgs"
        ],
        "server": "server"
      },
      "locked": {
        "lastModified": 1736035335,
        "narHash": "sha256-cF3KZcuJqjsrIpGJPu7OLS/UPyq9No7DQQM82oWMQh0=",
        "owner": "fpekal",
        "repo": "notifications",
        "rev": "42ce869d16ac72f0f470a39a971d2d595d99405e",
        "type": "github"
      },
      "original": {
        "owner": "fpekal",
        "repo": "notifications",
        "type": "github"
      }
    },
    "root": {
      "inputs": {
        "home-manager": "home-manager",
        "moje": "moje",
        "nixpkgs": "nixpkgs",
        "sops-nix": "sops-nix",
        "zen-browser": "zen-browser"
      }
    },
    "server": {
      "inputs": {
        "nixpkgs": [
          "moje",
          "notifications",
          "nixpkgs"
        ]
      },
      "locked": {
        "lastModified": 1,
        "narHash": "sha256-HM2XE50HIBE/h+peu6PJGgIQO+v8jIqzvKISFdD5Qb8=",
        "path": "/nix/store/jb5fibgp435b5m7xc2cj5w60bwsaa87x-source/server",
        "type": "path"
      },
      "original": {
        "path": "/nix/store/jb5fibgp435b5m7xc2cj5w60bwsaa87x-source/server",
        "type": "path"
      }
    },
    "sops-nix": {
      "inputs": {
        "nixpkgs": [
          "nixpkgs"
        ]
      },
      "locked": {
        "lastModified": 1738291974,
        "narHash": "sha256-wkwYJc8cKmmQWUloyS9KwttBnja2ONRuJQDEsmef320=",
        "owner": "Mic92",
        "repo": "sops-nix",
        "rev": "4c1251904d8a08c86ac6bc0d72cc09975e89aef7",
        "type": "github"
      },
      "original": {
        "owner": "Mic92",
        "repo": "sops-nix",
        "type": "github"
      }
    },
    "super-cowsay": {
      "inputs": {
        "nixpkgs": [
          "moje",
          "nixpkgs"
        ]
      },
      "locked": {
        "lastModified": 1720800713,
        "narHash": "sha256-vhB08e4qsNfOBYhh2tSmNLmJfWGAlqGvKd033Y/E4Ho=",
        "owner": "fpekal-nixos",
        "repo": "super-cowsay",
        "rev": "affdc592c36a3448c639be4939d0e1d229e298e6",
        "type": "github"
      },
      "original": {
        "owner": "fpekal-nixos",
        "repo": "super-cowsay",
        "type": "github"
      }
    },
    "zen-browser": {
      "inputs": {
        "nixpkgs": [
          "nixpkgs"
        ]
      },
      "locked": {
        "lastModified": 1741838758,
        "narHash": "sha256-nGTC/y9e+1+QIVCzIbiSpPiXM2HfS8YwIDCp52CcOQ4=",
        "owner": "youwen5",
        "repo": "zen-browser-flake",
        "rev": "03a7fc89bc48344aed00e01b409c1d6ffc4c52ce",
        "type": "github"
      },
      "original": {
        "owner": "youwen5",
        "repo": "zen-browser-flake",
        "type": "github"
      }
    }
  },
  "root": "root",
  "version": 7
}
